%{
  "alpaca": {:git, "https://github.com/alpaca-lang/alpaca", "aa2bb5594dda8292ca0bffb8e8a6ebc0f60e8dbc", [branch: "master"]},
  "alpaca_lib": {:git, "https://github.com/alpaca-lang/alpaca_lib", "f7b71df4dea74d9540ef0d6ed8f54e996587cb11", [branch: "master"]},
  "alpacalib": {:git, "https://github.com/alpaca-lang/alpaca_lib", "f7b71df4dea74d9540ef0d6ed8f54e996587cb11", [branch: "master"]},
  "apcshell": {:git, "https://github.com/lepoetemaudit/alpaca-repl.git", "91f9988ab45a106a10c16b854da1d2d687634a44", [branch: "master"]},
  "cf": {:hex, :cf, "0.3.1", "5cb902239476e141ea70a740340233782d363a31eea8ad37049561542e6cd641", [:rebar3], [], "hexpm"},
  "epo_runtime": {:git, "git://github.com/brigadier/epo_runtime.git", "c403f40237abc93fedfbbed6462f77121bf14be9", [tag: "0.3"]},
  "rebar_prv_alpaca": {:git, "https://github.com/alpaca-lang/rebar_prv_alpaca.git", "e18a86994a2d9aba97d644cc85107eee3bb7908a", [branch: "master"]},
}
